// !$*UTF8*$!
{
	archiveVersion = 1;
	classes = {
	};
	objectVersion = 46;
	objects = {

/* Begin PBXBuildFile section */
		D796B38619B51F4B002B702E /* main.swift in Sources */ = {isa = PBXBuildFile; fileRef = D796B38519B51F4B002B702E /* main.swift */; };
		D796B38D19B51F95002B702E /* Car.swift in Sources */ = {isa = PBXBuildFile; fileRef = D796B38C19B51F95002B702E /* Car.swift */; };
		D796B38F19B521AF002B702E /* TurboCar.swift in Sources */ = {isa = PBXBuildFile; fileRef = D796B38E19B521AF002B702E /* TurboCar.swift */; };
		D796B39119B523DA002B702E /* HybridCar.swift in Sources */ = {isa = PBXBuildFile; fileRef = D796B39019B523DA002B702E /* HybridCar.swift */; };
		D796B39319B52628002B702E /* PickupTruck.swift in Sources */ = {isa = PBXBuildFile; fileRef = D796B39219B52628002B702E /* PickupTruck.swift */; };
/* End PBXBuildFile section */

/* Begin PBXCopyFilesBuildPhase section */
		D796B38019B51F4B002B702E /* CopyFiles */ = {
			isa = PBXCopyFilesBuildPhase;
			buildActionMask = 2147483647;
			dstPath = /usr/share/man/man1/;
			dstSubfolderSpec = 0;
			files = (
			);
			runOnlyForDeploymentPostprocessing = 1;
		};
/* End PBXCopyFilesBuildPhase section */

/* Begin PBXFileReference section */
		D796B38219B51F4B002B702E /* Unit2Lesson3 */ = {isa = PBXFileReference; explicitFileType = "compiled.mach-o.executable"; includeInIndex = 0; path = Unit2Lesson3; sourceTree = BUILT_PRODUCTS_DIR; };
		D796B38519B51F4B002B702E /* main.swift */ = {isa = PBXFileReference; lastKnownFileType = sourcecode.swift; path = main.swift; sourceTree = "<group>"; };
		D796B38C19B51F95002B702E /* Car.swift */ = {isa = PBXFileReference; fileEncoding = 4; lastKnownFileType = sourcecode.swift; path = Car.swift; sourceTree = "<group>"; };
		D796B38E19B521AF002B702E /* TurboCar.swift */ = {isa = PBXFileReference; fileEncoding = 4; lastKnownFileType = sourcecode.swift; path = TurboCar.swift; sourceTree = "<group>"; };
		D796B39019B523DA002B702E /* HybridCar.swift */ = {isa = PBXFileReference; fileEncoding = 4; lastKnownFileType = sourcecode.swift; path = HybridCar.swift; sourceTree = "<group>"; };
		D796B39219B52628002B702E /* PickupTruck.swift */ = {isa = PBXFileReference; fileEncoding = 4; lastKnownFileType = sourcecode.swift; path = PickupTruck.swift; sourceTree = "<group>"; };
/* End PBXFileReference section */

/* Begin PBXFrameworksBuildPhase section */
		D796B37F19B51F4B002B702E /* Frameworks */ = {
			isa = PBXFrameworksBuildPhase;
			buildActionMask = 2147483647;
			files = (
			);
			runOnlyForDeploymentPostprocessing = 0;
		};
/* End PBXFrameworksBuildPhase section */

/* Begin PBXGroup section */
		D796B37919B51F4B002B702E = {
			isa = PBXGroup;
			children = (
				D796B38419B51F4B002B702E /* Unit2Lesson3 */,
				D796B38319B51F4B002B702E /* Products */,
			);
			sourceTree = "<group>";
		};
		D796B38319B51F4B002B702E /* Products */ = {
			isa = PBXGroup;
			children = (
				D796B38219B51F4B002B702E /* Unit2Lesson3 */,
			);
			name = Products;
			sourceTree = "<group>";
		};
		D796B38419B51F4B002B702E /* Unit2Lesson3 */ = {
			isa = PBXGroup;
			children = (
				D796B38519B51F4B002B702E /* main.swift */,
				D796B38C19B51F95002B702E /* Car.swift */,
				D796B38E19B521AF002B702E /* TurboCar.swift */,
				D796B39019B523DA002B702E /* HybridCar.swift */,
				D796B39219B52628002B702E /* PickupTruck.swift */,
			);
			path = Unit2Lesson3;
			sourceTree = "<group>";
		};
/* End PBXGroup section */

/* Begin PBXNativeTarget section */
		D796B38119B51F4B002B702E /* Unit2Lesson3 */ = {
			isa = PBXNativeTarget;
			buildConfigurationList = D796B38919B51F4B002B702E /* Build configuration list for PBXNativeTarget "Unit2Lesson3" */;
			buildPhases = (
				D796B37E19B51F4B002B702E /* Sources */,
				D796B37F19B51F4B002B702E /* Frameworks */,
				D796B38019B51F4B002B702E /* CopyFiles */,
			);
			buildRules = (
			);
			dependencies = (
			);
			name = Unit2Lesson3;
			productName = Unit2Lesson3;
			productReference = D796B38219B51F4B002B702E /* Unit2Lesson3 */;
			productType = "com.apple.product-type.tool";
		};
/* End PBXNativeTarget section */

/* Begin PBXProject section */
		D796B37A19B51F4B002B702E /* Project object */ = {
			isa = PBXProject;
			attributes = {
				LastUpgradeCheck = 0600;
				ORGANIZATIONNAME = Salame;
				TargetAttributes = {
					D796B38119B51F4B002B702E = {
						CreatedOnToolsVersion = 6.0;
					};
				};
			};
			buildConfigurationList = D796B37D19B51F4B002B702E /* Build configuration list for PBXProject "Unit2Lesson3" */;
			compatibilityVersion = "Xcode 3.2";
			developmentRegion = English;
			hasScannedForEncodings = 0;
			knownRegions = (
				en,
			);
			mainGroup = D796B37919B51F4B002B702E;
			productRefGroup = D796B38319B51F4B002B702E /* Products */;
			projectDirPath = "";
			projectRoot = "";
			targets = (
				D796B38119B51F4B002B702E /* Unit2Lesson3 */,
			);
		};
/* End PBXProject section */

/* Begin PBXSourcesBuildPhase section */
		D796B37E19B51F4B002B702E /* Sources */ = {
			isa = PBXSourcesBuildPhase;
			buildActionMask = 2147483647;
			files = (
				D796B38D19B51F95002B702E /* Car.swift in Sources */,
				D796B38619B51F4B002B702E /* main.swift in Sources */,
				D796B39319B52628002B702E /* PickupTruck.swift in Sources */,
				D796B39119B523DA002B702E /* HybridCar.swift in Sources */,
				D796B38F19B521AF002B702E /* TurboCar.swift in Sources */,
			);
			runOnlyForDeploymentPostprocessing = 0;
		};
/* End PBXSourcesBuildPhase section */

/* Begin XCBuildConfiguration section */
		D796B38719B51F4B002B702E /* Debug */ = {
			isa = XCBuildConfiguration;
			buildSettings = {
				ALWAYS_SEARCH_USER_PATHS = NO;
				CLANG_CXX_LANGUAGE_STANDARD = "gnu++0x";
				CLANG_CXX_LIBRARY = "libc++";
				CLANG_ENABLE_MODULES = YES;
				CLANG_ENABLE_OBJC_ARC = YES;
				CLANG_WARN_BOOL_CONVERSION = YES;
				CLANG_WARN_CONSTANT_CONVERSION = YES;
				CLANG_WARN_DIRECT_OBJC_ISA_USAGE = YES_ERROR;
				CLANG_WARN_EMPTY_BODY = YES;
				CLANG_WARN_ENUM_CONVERSION = YES;
				CLANG_WARN_INT_CONVERSION = YES;
				CLANG_WARN_OBJC_ROOT_CLASS = YES_ERROR;
				CLANG_WARN_UNREACHABLE_CODE = YES;
				CLANG_WARN__DUPLICATE_METHOD_MATCH = YES;
				COPY_PHASE_STRIP = NO;
				ENABLE_STRICT_OBJC_MSGSEND = YES;
				GCC_C_LANGUAGE_STANDARD = gnu99;
				GCC_DYNAMIC_NO_PIC = NO;
				GCC_OPTIMIZATION_LEVEL = 0;
				GCC_PREPROCESSOR_DEFINITIONS = (
					"DEBUG=1",
					"$(inherited)",
				);
				GCC_SYMBOLS_PRIVATE_EXTERN = NO;
				GCC_WARN_64_TO_32_BIT_CONVERSION = YES;
				GCC_WARN_ABOUT_RETURN_TYPE = YES_ERROR;
				GCC_WARN_UNDECLARED_SELECTOR = YES;
				GCC_WARN_UNINITIALIZED_AUTOS = YES_AGGRESSIVE;
				GCC_WARN_UNUSED_FUNCTION = YES;
				GCC_WARN_UNUSED_VARIABLE = YES;
				MACOSX_DEPLOYMENT_TARGET = 10.10;
				MTL_ENABLE_DEBUG_INFO = YES;
				ONLY_ACTIVE_ARCH = YES;
				SDKROOT = macosx;
				SWIFT_OPTIMIZATION_LEVEL = "-Onone";
			};
			name = Debug;
		};
		D796B38819B51F4B002B702E /* Release */ = {
			isa = XCBuildConfiguration;
			buildSettings = {
				ALWAYS_SEARCH_USER_PATHS = NO;
				CLANG_CXX_LANGUAGE_STANDARD = "gnu++0x";
				CLANG_CXX_LIBRARY = "libc++";
				CLANG_ENABLE_MODULES = YES;
				CLANG_ENABLE_OBJC_ARC = YES;
				CLANG_WARN_BOOL_CONVERSION = YES;
				CLANG_WARN_CONSTANT_CONVERSION = YES;
				CLANG_WARN_DIRECT_OBJC_ISA_USAGE = YES_ERROR;
				CLANG_WARN_EMPTY_BODY = YES;
				CLANG_WARN_ENUM_CONVERSION = YES;
				CLANG_WARN_INT_CONVERSION = YES;
				CLANG_WARN_OBJC_ROOT_CLASS = YES_ERROR;
				CLANG_WARN_UNREACHABLE_CODE = YES;
				CLANG_WARN__DUPLICATE_METHOD_MATCH = YES;
				COPY_PHASE_STRIP = YES;
				DEBUG_INFORMATION_FORMAT = "dwarf-with-dsym";
				ENABLE_NS_ASSERTIONS = NO;
				ENABLE_STRICT_OBJC_MSGSEND = YES;
				GCC_C_LANGUAGE_STANDARD = gnu99;
				GCC_WARN_64_TO_32_BIT_CONVERSION = YES;
				GCC_WARN_ABOUT_RETURN_TYPE = YES_ERROR;
				GCC_WARN_UNDECLARED_SELECTOR = YES;
				GCC_WARN_UNINITIALIZED_AUTOS = YES_AGGRESSIVE;
				GCC_WARN_UNUSED_FUNCTION = YES;
				GCC_WARN_UNUSED_VARIABLE = YES;
				MACOSX_DEPLOYMENT_TARGET = 10.10;
				MTL_ENABLE_DEBUG_INFO = NO;
				SDKROOT = macosx;
			};
			name = Release;
		};
		D796B38A19B51F4B002B702E /* Debug */ = {
			isa = XCBuildConfiguration;
			buildSettings = {
				PRODUCT_NAME = "$(TARGET_NAME)";
			};
			name = Debug;
		};
		D796B38B19B51F4B002B702E /* Release */ = {
			isa = XCBuildConfiguration;
			buildSettings = {
				PRODUCT_NAME = "$(TARGET_NAME)";
			};
			name = Release;
		};
/* End XCBuildConfiguration section */

/* Begin XCConfigurationList section */
		D796B37D19B51F4B002B702E /* Build configuration list for PBXProject "Unit2Lesson3" */ = {
			isa = XCConfigurationList;
			buildConfigurations = (
				D796B38719B51F4B002B702E /* Debug */,
				D796B38819B51F4B002B702E /* Release */,
			);
			defaultConfigurationIsVisible = 0;
			defaultConfigurationName = Release;
		};
		D796B38919B51F4B002B702E /* Build configuration list for PBXNativeTarget "Unit2Lesson3" */ = {
			isa = XCConfigurationList;
			buildConfigurations = (
				D796B38A19B51F4B002B702E /* Debug */,
				D796B38B19B51F4B002B702E /* Release */,
			);
			defaultConfigurationIsVisible = 0;
		};
/* End XCConfigurationList section */
	};
	rootObject = D796B37A19B51F4B002B702E /* Project object */;
}
